
Microsoft Visual Studio Solution File, Format Version 12.00
# Visual Studio 15
VisualStudioVersion = 15.0.27004.2005
MinimumVisualStudioVersion = 10.0.40219.1
Project("{FAE04EC0-301F-11D3-BF4B-00C04F79EFBC}") = "OSLab2", "OSLab2\OSLab2.csproj", "{6083AEC6-0CF3-49AE-BBEB-F78040AD0A61}"
EndProject
Global
	GlobalSection(SolutionConfigurationPlatforms) = preSolution
		Debug|Any CPU = Debug|Any CPU
		Release|Any CPU = Release|Any CPU
	EndGlobalSection
	GlobalSection(ProjectConfigurationPlatforms) = postSolution
		{6083AEC6-0CF3-49AE-BBEB-F78040AD0A61}.Debug|Any CPU.ActiveCfg = Debug|Any CPU
		{6083AEC6-0CF3-49AE-BBEB-F78040AD0A61}.Debug|Any CPU.Build.0 = Debug|Any CPU
		{6083AEC6-0CF3-49AE-BBEB-F78040AD0A61}.Release|Any CPU.ActiveCfg = Release|Any CPU
		{6083AEC6-0CF3-49AE-BBEB-F78040AD0A61}.Release|Any CPU.Build.0 = Release|Any CPU
	EndGlobalSection
	GlobalSection(SolutionProperties) = preSolution
		HideSolutionNode = FALSE
	EndGlobalSection
	GlobalSection(ExtensibilityGlobals) = postSolution
		SolutionGuid = {1154D473-20E1-4AEF-9B2D-8EDA32E659B3}
	EndGlobalSection
EndGlobal
